
Microsoft Visual Studio Solution File, Format Version 12.00
# Visual Studio Version 17
VisualStudioVersion = 17.11.35222.181
MinimumVisualStudioVersion = 10.0.40219.1
Project("{FAE04EC0-301F-11D3-BF4B-00C04F79EFBC}") = "yp5", "yp5\yp5.csproj", "{1E058352-F8B6-44D6-974F-5BF45097ACDF}"
EndProject
Global
	GlobalSection(SolutionConfigurationPlatforms) = preSolution
		Debug|Any CPU = Debug|Any CPU
		Release|Any CPU = Release|Any CPU
	EndGlobalSection
	GlobalSection(ProjectConfigurationPlatforms) = postSolution
		{1E058352-F8B6-44D6-974F-5BF45097ACDF}.Debug|Any CPU.ActiveCfg = Debug|Any CPU
		{1E058352-F8B6-44D6-974F-5BF45097ACDF}.Debug|Any CPU.Build.0 = Debug|Any CPU
		{1E058352-F8B6-44D6-974F-5BF45097ACDF}.Release|Any CPU.ActiveCfg = Release|Any CPU
		{1E058352-F8B6-44D6-974F-5BF45097ACDF}.Release|Any CPU.Build.0 = Release|Any CPU
	EndGlobalSection
	GlobalSection(SolutionProperties) = preSolution
		HideSolutionNode = FALSE
	EndGlobalSection
	GlobalSection(ExtensibilityGlobals) = postSolution
		SolutionGuid = {DBF58952-9AD2-4E00-9122-5D89DB538AF6}
	EndGlobalSection
EndGlobal
